
Microsoft Visual Studio Solution File, Format Version 12.00
# Visual Studio Version 16
VisualStudioVersion = 16.0.29201.188
MinimumVisualStudioVersion = 10.0.40219.1
Project("{FAE04EC0-301F-11D3-BF4B-00C04F79EFBC}") = "Planner", "Planner\Planner.csproj", "{D55C33AA-2612-4696-AB2D-9F4CEC54729E}"
EndProject
Project("{FAE04EC0-301F-11D3-BF4B-00C04F79EFBC}") = "PlannerAT", "PlannerAT\PlannerAT.csproj", "{46DDE5FC-29DC-45BE-B1C9-B4D99C911BDB}"
EndProject
Global
	GlobalSection(SolutionConfigurationPlatforms) = preSolution
		Debug|Any CPU = Debug|Any CPU
		Release|Any CPU = Release|Any CPU
	EndGlobalSection
	GlobalSection(ProjectConfigurationPlatforms) = postSolution
		{D55C33AA-2612-4696-AB2D-9F4CEC54729E}.Debug|Any CPU.ActiveCfg = Debug|Any CPU
		{D55C33AA-2612-4696-AB2D-9F4CEC54729E}.Debug|Any CPU.Build.0 = Debug|Any CPU
		{D55C33AA-2612-4696-AB2D-9F4CEC54729E}.Release|Any CPU.ActiveCfg = Release|Any CPU
		{D55C33AA-2612-4696-AB2D-9F4CEC54729E}.Release|Any CPU.Build.0 = Release|Any CPU
		{46DDE5FC-29DC-45BE-B1C9-B4D99C911BDB}.Debug|Any CPU.ActiveCfg = Debug|Any CPU
		{46DDE5FC-29DC-45BE-B1C9-B4D99C911BDB}.Debug|Any CPU.Build.0 = Debug|Any CPU
		{46DDE5FC-29DC-45BE-B1C9-B4D99C911BDB}.Release|Any CPU.ActiveCfg = Release|Any CPU
		{46DDE5FC-29DC-45BE-B1C9-B4D99C911BDB}.Release|Any CPU.Build.0 = Release|Any CPU
	EndGlobalSection
	GlobalSection(SolutionProperties) = preSolution
		HideSolutionNode = FALSE
	EndGlobalSection
	GlobalSection(ExtensibilityGlobals) = postSolution
		SolutionGuid = {14B7FFDB-5262-4129-AD21-99116638D4FA}
	EndGlobalSection
EndGlobal
